
Microsoft Visual Studio Solution File, Format Version 12.00
# Visual Studio Version 16
VisualStudioVersion = 16.0.28527.54
MinimumVisualStudioVersion = 10.0.40219.1
Project("{9A19103F-16F7-4668-BE54-9A1E7A4F7556}") = "CatMash.App", "CatMash.App\CatMash.App.csproj", "{432C9E70-2CD1-4B9F-BA1C-498A909EC503}"
EndProject
Project("{9A19103F-16F7-4668-BE54-9A1E7A4F7556}") = "CatMash.Tests", "CatMash.Tests\CatMash.Tests.csproj", "{2B0A1CC1-2711-4437-A900-0414863CDAE7}"
EndProject
Project("{FAE04EC0-301F-11D3-BF4B-00C04F79EFBC}") = "CatMash.Entities", "CatMash.Entities\CatMash.Entities.csproj", "{2A038D8A-5053-4B9D-9EFD-F74B2BC0BF40}"
EndProject
Project("{FAE04EC0-301F-11D3-BF4B-00C04F79EFBC}") = "CatMash.Business", "CatMash.Business\CatMash.Business.csproj", "{09C9AC96-4364-42BB-B053-3ABA4FA47AEB}"
EndProject
Global
	GlobalSection(SolutionConfigurationPlatforms) = preSolution
		Debug|Any CPU = Debug|Any CPU
		Release|Any CPU = Release|Any CPU
	EndGlobalSection
	GlobalSection(ProjectConfigurationPlatforms) = postSolution
		{432C9E70-2CD1-4B9F-BA1C-498A909EC503}.Debug|Any CPU.ActiveCfg = Debug|Any CPU
		{432C9E70-2CD1-4B9F-BA1C-498A909EC503}.Debug|Any CPU.Build.0 = Debug|Any CPU
		{432C9E70-2CD1-4B9F-BA1C-498A909EC503}.Release|Any CPU.ActiveCfg = Release|Any CPU
		{432C9E70-2CD1-4B9F-BA1C-498A909EC503}.Release|Any CPU.Build.0 = Release|Any CPU
		{2B0A1CC1-2711-4437-A900-0414863CDAE7}.Debug|Any CPU.ActiveCfg = Debug|Any CPU
		{2B0A1CC1-2711-4437-A900-0414863CDAE7}.Debug|Any CPU.Build.0 = Debug|Any CPU
		{2B0A1CC1-2711-4437-A900-0414863CDAE7}.Release|Any CPU.ActiveCfg = Release|Any CPU
		{2B0A1CC1-2711-4437-A900-0414863CDAE7}.Release|Any CPU.Build.0 = Release|Any CPU
		{2A038D8A-5053-4B9D-9EFD-F74B2BC0BF40}.Debug|Any CPU.ActiveCfg = Debug|Any CPU
		{2A038D8A-5053-4B9D-9EFD-F74B2BC0BF40}.Debug|Any CPU.Build.0 = Debug|Any CPU
		{2A038D8A-5053-4B9D-9EFD-F74B2BC0BF40}.Release|Any CPU.ActiveCfg = Release|Any CPU
		{2A038D8A-5053-4B9D-9EFD-F74B2BC0BF40}.Release|Any CPU.Build.0 = Release|Any CPU
		{09C9AC96-4364-42BB-B053-3ABA4FA47AEB}.Debug|Any CPU.ActiveCfg = Debug|Any CPU
		{09C9AC96-4364-42BB-B053-3ABA4FA47AEB}.Debug|Any CPU.Build.0 = Debug|Any CPU
		{09C9AC96-4364-42BB-B053-3ABA4FA47AEB}.Release|Any CPU.ActiveCfg = Release|Any CPU
		{09C9AC96-4364-42BB-B053-3ABA4FA47AEB}.Release|Any CPU.Build.0 = Release|Any CPU
	EndGlobalSection
	GlobalSection(SolutionProperties) = preSolution
		HideSolutionNode = FALSE
	EndGlobalSection
	GlobalSection(ExtensibilityGlobals) = postSolution
		SolutionGuid = {A3D28124-6934-4E2B-9F10-59E21E0BE8FF}
	EndGlobalSection
EndGlobal
